
Microsoft Visual Studio Solution File, Format Version 12.00
# Visual Studio Version 17
VisualStudioVersion = 17.9.34723.18
MinimumVisualStudioVersion = 10.0.40219.1
Project("{FAE04EC0-301F-11D3-BF4B-00C04F79EFBC}") = "AnagramCheckerJson", "AnagramCheckerJson\AnagramCheckerJson.csproj", "{958405C2-C487-47EE-8409-2F406287C8EC}"
EndProject
Global
	GlobalSection(SolutionConfigurationPlatforms) = preSolution
		Debug|Any CPU = Debug|Any CPU
		Release|Any CPU = Release|Any CPU
	EndGlobalSection
	GlobalSection(ProjectConfigurationPlatforms) = postSolution
		{958405C2-C487-47EE-8409-2F406287C8EC}.Debug|Any CPU.ActiveCfg = Debug|Any CPU
		{958405C2-C487-47EE-8409-2F406287C8EC}.Debug|Any CPU.Build.0 = Debug|Any CPU
		{958405C2-C487-47EE-8409-2F406287C8EC}.Release|Any CPU.ActiveCfg = Release|Any CPU
		{958405C2-C487-47EE-8409-2F406287C8EC}.Release|Any CPU.Build.0 = Release|Any CPU
	EndGlobalSection
	GlobalSection(SolutionProperties) = preSolution
		HideSolutionNode = FALSE
	EndGlobalSection
	GlobalSection(ExtensibilityGlobals) = postSolution
		SolutionGuid = {4AB4C8F9-43E5-4B2A-BF81-5689BB9EDE8B}
	EndGlobalSection
EndGlobal
